{
  "name": "config-origin-map",
  "version": "1.0.0",
  "lockfileVersion": 3,
  "requires": true,
  "packages": {
    "": {
      "name": "config-origin-map",
      "version": "1.0.0",
      "license": "MIT",
      "bin": {
        "config-origin-map": "src/cli.js"
      },
      "engines": {
        "node": ">=20"
      }
    }
  }
}
